
Microsoft Visual Studio Solution File, Format Version 12.00
# Visual Studio Version 17
VisualStudioVersion = 17.6.33801.468
MinimumVisualStudioVersion = 10.0.40219.1
Project("{9A19103F-16F7-4668-BE54-9A1E7A4F7556}") = "PiperAssessment.Wpf", "PiperAssessment.Wpf\PiperAssessment.Wpf.csproj", "{15A2735D-29D3-4501-9219-2BE8E35416F4}"
EndProject
Global
	GlobalSection(SolutionConfigurationPlatforms) = preSolution
		Debug|Any CPU = Debug|Any CPU
		Release|Any CPU = Release|Any CPU
	EndGlobalSection
	GlobalSection(ProjectConfigurationPlatforms) = postSolution
		{15A2735D-29D3-4501-9219-2BE8E35416F4}.Debug|Any CPU.ActiveCfg = Debug|Any CPU
		{15A2735D-29D3-4501-9219-2BE8E35416F4}.Debug|Any CPU.Build.0 = Debug|Any CPU
		{15A2735D-29D3-4501-9219-2BE8E35416F4}.Release|Any CPU.ActiveCfg = Release|Any CPU
		{15A2735D-29D3-4501-9219-2BE8E35416F4}.Release|Any CPU.Build.0 = Release|Any CPU
	EndGlobalSection
	GlobalSection(SolutionProperties) = preSolution
		HideSolutionNode = FALSE
	EndGlobalSection
	GlobalSection(ExtensibilityGlobals) = postSolution
		SolutionGuid = {F892EE8C-86FB-4FFE-8DFB-5C09D22FD36B}
	EndGlobalSection
EndGlobal
